PODS:
  - iOS-GPX-Framework (0.0.2):
    - TBXML (~> 1.5)
  - TBXML (1.5)

DEPENDENCIES:
  - iOS-GPX-Framework (from `.`)

EXTERNAL SOURCES:
  iOS-GPX-Framework:
    :path: .

SPEC CHECKSUMS:
  iOS-GPX-Framework: f6d50c6664a1747746b73da6899b1fc9a1f81ff6
  TBXML: a279440030ba55c40e1455cafba3b0a44e1963d4

COCOAPODS: 0.36.0
